Microsoft Visual Studio Solution File, Format Version 12.00
# Visual Studio Version 17
VisualStudioVersion = 17.9.34723.18
MinimumVisualStudioVersion = 10.0.40219.1
Project("{9A19103F-16F7-4668-BE54-9A1E7A4F7556}") = "SelectedItemsBindingDemo", "SelectedItemsBindingDemo\SelectedItemsBindingDemo.csproj", "{7DA5A107-B474-4AC0-B861-63A489DB0C02}"
EndProject
Project("{9A19103F-16F7-4668-BE54-9A1E7A4F7556}") = "SelectedItemsSynchronizer", "SelectedItemsSynchronizer\SelectedItemsSynchronizer.csproj", "{6FD3314F-9A43-4FCF-A073-6C97CA2D1E81}"
EndProject
Project("{9A19103F-16F7-4668-BE54-9A1E7A4F7556}") = "SelectedItemsSynchronizer.CiTests", "SelectedItemsSynchronizer.CiTests\SelectedItemsSynchronizer.CiTests.csproj", "{918FE624-1E12-48BE-A3F0-FC1B5CF1412F}"
EndProject
Global
	GlobalSection(SolutionConfigurationPlatforms) = preSolution
		Debug|Any CPU = Debug|Any CPU
		Release|Any CPU = Release|Any CPU
	EndGlobalSection
	GlobalSection(ProjectConfigurationPlatforms) = postSolution
		{7DA5A107-B474-4AC0-B861-63A489DB0C02}.Debug|Any CPU.ActiveCfg = Debug|Any CPU
		{7DA5A107-B474-4AC0-B861-63A489DB0C02}.Debug|Any CPU.Build.0 = Debug|Any CPU
		{7DA5A107-B474-4AC0-B861-63A489DB0C02}.Release|Any CPU.ActiveCfg = Release|Any CPU
		{7DA5A107-B474-4AC0-B861-63A489DB0C02}.Release|Any CPU.Build.0 = Release|Any CPU
		{6FD3314F-9A43-4FCF-A073-6C97CA2D1E81}.Debug|Any CPU.ActiveCfg = Debug|Any CPU
		{6FD3314F-9A43-4FCF-A073-6C97CA2D1E81}.Debug|Any CPU.Build.0 = Debug|Any CPU
		{6FD3314F-9A43-4FCF-A073-6C97CA2D1E81}.Release|Any CPU.ActiveCfg = Release|Any CPU
		{6FD3314F-9A43-4FCF-A073-6C97CA2D1E81}.Release|Any CPU.Build.0 = Release|Any CPU
		{918FE624-1E12-48BE-A3F0-FC1B5CF1412F}.Debug|Any CPU.ActiveCfg = Debug|Any CPU
		{918FE624-1E12-48BE-A3F0-FC1B5CF1412F}.Debug|Any CPU.Build.0 = Debug|Any CPU
		{918FE624-1E12-48BE-A3F0-FC1B5CF1412F}.Release|Any CPU.ActiveCfg = Release|Any CPU
		{918FE624-1E12-48BE-A3F0-FC1B5CF1412F}.Release|Any CPU.Build.0 = Release|Any CPU
	EndGlobalSection
	GlobalSection(SolutionProperties) = preSolution
		HideSolutionNode = FALSE
	EndGlobalSection
	GlobalSection(ExtensibilityGlobals) = postSolution
		SolutionGuid = {48A693A6-A128-40C7-9DBF-35308B8F00D2}
	EndGlobalSection
EndGlobal
